
Microsoft Visual Studio Solution File, Format Version 12.00
# Visual Studio Version 16
VisualStudioVersion = 16.0.31729.503
MinimumVisualStudioVersion = 10.0.40219.1
Project("{FAE04EC0-301F-11D3-BF4B-00C04F79EFBC}") = "lesson_2.1", "lesson_2.1\lesson_2.1.csproj", "{9A0AABD6-AC5C-4078-9D79-9E6CD9C3046F}"
EndProject
Global
	GlobalSection(SolutionConfigurationPlatforms) = preSolution
		Debug|Any CPU = Debug|Any CPU
		Release|Any CPU = Release|Any CPU
	EndGlobalSection
	GlobalSection(ProjectConfigurationPlatforms) = postSolution
		{9A0AABD6-AC5C-4078-9D79-9E6CD9C3046F}.Debug|Any CPU.ActiveCfg = Debug|Any CPU
		{9A0AABD6-AC5C-4078-9D79-9E6CD9C3046F}.Debug|Any CPU.Build.0 = Debug|Any CPU
		{9A0AABD6-AC5C-4078-9D79-9E6CD9C3046F}.Release|Any CPU.ActiveCfg = Release|Any CPU
		{9A0AABD6-AC5C-4078-9D79-9E6CD9C3046F}.Release|Any CPU.Build.0 = Release|Any CPU
	EndGlobalSection
	GlobalSection(SolutionProperties) = preSolution
		HideSolutionNode = FALSE
	EndGlobalSection
	GlobalSection(ExtensibilityGlobals) = postSolution
		SolutionGuid = {00939F74-C705-42D6-85A9-64720B7FE58B}
	EndGlobalSection
EndGlobal
